
Microsoft Visual Studio Solution File, Format Version 12.00
# Visual Studio Version 16
VisualStudioVersion = 16.0.29326.143
MinimumVisualStudioVersion = 10.0.40219.1
Project("{FAE04EC0-301F-11D3-BF4B-00C04F79EFBC}") = "WindowsFormsApp18", "WindowsFormsApp18\WindowsFormsApp18.csproj", "{0DA5AC18-75A3-4333-A09F-2BB7E3D28D4D}"
EndProject
Global
	GlobalSection(SolutionConfigurationPlatforms) = preSolution
		Debug|Any CPU = Debug|Any CPU
		Release|Any CPU = Release|Any CPU
	EndGlobalSection
	GlobalSection(ProjectConfigurationPlatforms) = postSolution
		{0DA5AC18-75A3-4333-A09F-2BB7E3D28D4D}.Debug|Any CPU.ActiveCfg = Debug|Any CPU
		{0DA5AC18-75A3-4333-A09F-2BB7E3D28D4D}.Debug|Any CPU.Build.0 = Debug|Any CPU
		{0DA5AC18-75A3-4333-A09F-2BB7E3D28D4D}.Release|Any CPU.ActiveCfg = Release|Any CPU
		{0DA5AC18-75A3-4333-A09F-2BB7E3D28D4D}.Release|Any CPU.Build.0 = Release|Any CPU
	EndGlobalSection
	GlobalSection(SolutionProperties) = preSolution
		HideSolutionNode = FALSE
	EndGlobalSection
	GlobalSection(ExtensibilityGlobals) = postSolution
		SolutionGuid = {7EF7C188-7DCE-4DE4-9F61-05B6155D5B39}
	EndGlobalSection
EndGlobal
